
Microsoft Visual Studio Solution File, Format Version 12.00
# Visual Studio 14
VisualStudioVersion = 14.0.25123.0
MinimumVisualStudioVersion = 10.0.40219.1
Project("{FAE04EC0-301F-11D3-BF4B-00C04F79EFBC}") = "Mgazza.RegexMapper", "..\Mgazza.RegexMapper\Mgazza.RegexMapper.csproj", "{50021605-93E2-4E40-A5D8-4FFCAE09B942}"
EndProject
Project("{FAE04EC0-301F-11D3-BF4B-00C04F79EFBC}") = "Mgazza.RegexMapper.Tests", "Mgazza.RegexMapper.Tests\Mgazza.RegexMapper.Tests.csproj", "{7F3B771B-28BB-4DB3-9DEC-71A861912ABA}"
EndProject
Global
	GlobalSection(SolutionConfigurationPlatforms) = preSolution
		Debug|Any CPU = Debug|Any CPU
		Release|Any CPU = Release|Any CPU
	EndGlobalSection
	GlobalSection(ProjectConfigurationPlatforms) = postSolution
		{50021605-93E2-4E40-A5D8-4FFCAE09B942}.Debug|Any CPU.ActiveCfg = Debug|Any CPU
		{50021605-93E2-4E40-A5D8-4FFCAE09B942}.Debug|Any CPU.Build.0 = Debug|Any CPU
		{50021605-93E2-4E40-A5D8-4FFCAE09B942}.Release|Any CPU.ActiveCfg = Release|Any CPU
		{50021605-93E2-4E40-A5D8-4FFCAE09B942}.Release|Any CPU.Build.0 = Release|Any CPU
		{7F3B771B-28BB-4DB3-9DEC-71A861912ABA}.Debug|Any CPU.ActiveCfg = Debug|Any CPU
		{7F3B771B-28BB-4DB3-9DEC-71A861912ABA}.Debug|Any CPU.Build.0 = Debug|Any CPU
		{7F3B771B-28BB-4DB3-9DEC-71A861912ABA}.Release|Any CPU.ActiveCfg = Release|Any CPU
		{7F3B771B-28BB-4DB3-9DEC-71A861912ABA}.Release|Any CPU.Build.0 = Release|Any CPU
	EndGlobalSection
	GlobalSection(SolutionProperties) = preSolution
		HideSolutionNode = FALSE
	EndGlobalSection
EndGlobal
